# generated by rye
# use `rye lock` or `rye sync` to update this lockfile
#
# last locked with the following flags:
#   pre: false
#   features: []
#   all-features: false
#   with-sources: false

-e file:.
astropy==6.0.0
    # via cloudytab
astropy-iers-data==0.2024.3.11.18.33.3
    # via astropy
numpy==1.26.4
    # via astropy
    # via pyerfa
packaging==24.0
    # via astropy
pyerfa==2.0.1.1
    # via astropy
pyyaml==6.0.1
    # via astropy
